expanded_at=2026-07-13T18:02:37Z
ethskills_repo=https://github.com/austintgriffith/ethskills
ethskills_commit=191dcc1ead0182aab16d4c742bee8b15f2d0d8d7
base_skills_repo=https://github.com/base/base-skills
base_skills_commit=e31161818287f4846579edbd67bb4d7b2650dcaa
uniswap_ai_repo=https://github.com/Uniswap/uniswap-ai
uniswap_ai_commit=3ddd8a9de93ef9201314c8759b5761c96ee7aebf
